// !$*UTF8*$!
{
	archiveVersion = 1;
	classes = {
	};
	objectVersion = 55;
	objects = {

/* Begin PBXBuildFile section */
		8AC5210C28A6319E00A62B33 /* AppDelegate.swift in Sources */ = {isa = PBXBuildFile; fileRef = 8AC5210B28A6319E00A62B33 /* AppDelegate.swift */; };
		8AC5210E28A6319E00A62B33 /* SceneDelegate.swift in Sources */ = {isa = PBXBuildFile; fileRef = 8AC5210D28A6319E00A62B33 /* SceneDelegate.swift */; };
		8AC5211028A6319E00A62B33 /* AlbumController.swift in Sources */ = {isa = PBXBuildFile; fileRef = 8AC5210F28A6319E00A62B33 /* AlbumController.swift */; };
		8AC5211328A6319E00A62B33 /* Album.storyboard in Resources */ = {isa = PBXBuildFile; fileRef = 8AC5211128A6319E00A62B33 /* Album.storyboard */; };
		8AC5211528A631A600A62B33 /* Assets.xcassets in Resources */ = {isa = PBXBuildFile; fileRef = 8AC5211428A631A600A62B33 /* Assets.xcassets */; };
		8AC5211828A631A600A62B33 /* LaunchScreen.storyboard in Resources */ = {isa = PBXBuildFile; fileRef = 8AC5211628A631A600A62B33 /* LaunchScreen.storyboard */; };
		8AC5212A28A634DD00A62B33 /* AlbumCell.swift in Sources */ = {isa = PBXBuildFile; fileRef = 8AC5212828A634DD00A62B33 /* AlbumCell.swift */; };
		8AC5212B28A634DD00A62B33 /* AlbumCell.xib in Resources */ = {isa = PBXBuildFile; fileRef = 8AC5212928A634DD00A62B33 /* AlbumCell.xib */; };
		8AC5212D28A6364D00A62B33 /* AlbumDetailsController.swift in Sources */ = {isa = PBXBuildFile; fileRef = 8AC5212C28A6364D00A62B33 /* AlbumDetailsController.swift */; };
		8AC5212F28A6393900A62B33 /* AlbumDetails.storyboard in Resources */ = {isa = PBXBuildFile; fileRef = 8AC5212E28A6393900A62B33 /* AlbumDetails.storyboard */; };
		8AC5213128A63C5C00A62B33 /* Album.swift in Sources */ = {isa = PBXBuildFile; fileRef = 8AC5213028A63C5C00A62B33 /* Album.swift */; };
		8AC5213428A63D0100A62B33 /* AlbumService.swift in Sources */ = {isa = PBXBuildFile; fileRef = 8AC5213328A63D0100A62B33 /* AlbumService.swift */; };
		8AC5213728A64A2D00A62B33 /* AlbumViewModel.swift in Sources */ = {isa = PBXBuildFile; fileRef = 8AC5213628A64A2D00A62B33 /* AlbumViewModel.swift */; };
		8AC5213C28A68C7B00A62B33 /* Typealias.swift in Sources */ = {isa = PBXBuildFile; fileRef = 8AC5213B28A68C7B00A62B33 /* Typealias.swift */; };
		8AC5213E28A68D1100A62B33 /* AlbumViewModelProtocol.swift in Sources */ = {isa = PBXBuildFile; fileRef = 8AC5213D28A68D1100A62B33 /* AlbumViewModelProtocol.swift */; };
		8AC5214028A68D8400A62B33 /* AlbumCellViewModelProtocol.swift in Sources */ = {isa = PBXBuildFile; fileRef = 8AC5213F28A68D8400A62B33 /* AlbumCellViewModelProtocol.swift */; };
		8AC5214228A68D9C00A62B33 /* AlbumCellViewModel.swift in Sources */ = {isa = PBXBuildFile; fileRef = 8AC5214128A68D9C00A62B33 /* AlbumCellViewModel.swift */; };
		8AC5214428A693F800A62B33 /* ImageLoader.swift in Sources */ = {isa = PBXBuildFile; fileRef = 8AC5214328A693F800A62B33 /* ImageLoader.swift */; };
		8AC5214828A69A5C00A62B33 /* AlbumDetailsViewModel.swift in Sources */ = {isa = PBXBuildFile; fileRef = 8AC5214728A69A5C00A62B33 /* AlbumDetailsViewModel.swift */; };
		8AC5214A28A69A8500A62B33 /* AlbumDetailsViewModelProtocol.swift in Sources */ = {isa = PBXBuildFile; fileRef = 8AC5214928A69A8500A62B33 /* AlbumDetailsViewModelProtocol.swift */; };
		8AC5214C28A6A35200A62B33 /* CustomProgressIndicator.swift in Sources */ = {isa = PBXBuildFile; fileRef = 8AC5214B28A6A35200A62B33 /* CustomProgressIndicator.swift */; };
/* End PBXBuildFile section */

/* Begin PBXFileReference section */
		8AC5210828A6319E00A62B33 /* ExamApp.app */ = {isa = PBXFileReference; explicitFileType = wrapper.application; includeInIndex = 0; path = ExamApp.app; sourceTree = BUILT_PRODUCTS_DIR; };
		8AC5210B28A6319E00A62B33 /* AppDelegate.swift */ = {isa = PBXFileReference; lastKnownFileType = sourcecode.swift; path = AppDelegate.swift; sourceTree = "<group>"; };
		8AC5210D28A6319E00A62B33 /* SceneDelegate.swift */ = {isa = PBXFileReference; lastKnownFileType = sourcecode.swift; path = SceneDelegate.swift; sourceTree = "<group>"; };
		8AC5210F28A6319E00A62B33 /* AlbumController.swift */ = {isa = PBXFileReference; lastKnownFileType = sourcecode.swift; path = AlbumController.swift; sourceTree = "<group>"; };
		8AC5211228A6319E00A62B33 /* Base */ = {isa = PBXFileReference; lastKnownFileType = file.storyboard; name = Base; path = Base.lproj/Album.storyboard; sourceTree = "<group>"; };
		8AC5211428A631A600A62B33 /* Assets.xcassets */ = {isa = PBXFileReference; lastKnownFileType = folder.assetcatalog; path = Assets.xcassets; sourceTree = "<group>"; };
		8AC5211728A631A600A62B33 /* Base */ = {isa = PBXFileReference; lastKnownFileType = file.storyboard; name = Base; path = Base.lproj/LaunchScreen.storyboard; sourceTree = "<group>"; };
		8AC5211928A631A600A62B33 /* Info.plist */ = {isa = PBXFileReference; lastKnownFileType = text.plist.xml; path = Info.plist; sourceTree = "<group>"; };
		8AC5212828A634DD00A62B33 /* AlbumCell.swift */ = {isa = PBXFileReference; lastKnownFileType = sourcecode.swift; path = AlbumCell.swift; sourceTree = "<group>"; };
		8AC5212928A634DD00A62B33 /* AlbumCell.xib */ = {isa = PBXFileReference; lastKnownFileType = file.xib; path = AlbumCell.xib; sourceTree = "<group>"; };
		8AC5212C28A6364D00A62B33 /* AlbumDetailsController.swift */ = {isa = PBXFileReference; lastKnownFileType = sourcecode.swift; path = AlbumDetailsController.swift; sourceTree = "<group>"; };
		8AC5212E28A6393900A62B33 /* AlbumDetails.storyboard */ = {isa = PBXFileReference; lastKnownFileType = file.storyboard; path = AlbumDetails.storyboard; sourceTree = "<group>"; };
		8AC5213028A63C5C00A62B33 /* Album.swift */ = {isa = PBXFileReference; lastKnownFileType = sourcecode.swift; path = Album.swift; sourceTree = "<group>"; };
		8AC5213328A63D0100A62B33 /* AlbumService.swift */ = {isa = PBXFileReference; lastKnownFileType = sourcecode.swift; path = AlbumService.swift; sourceTree = "<group>"; };
		8AC5213628A64A2D00A62B33 /* AlbumViewModel.swift */ = {isa = PBXFileReference; lastKnownFileType = sourcecode.swift; path = AlbumViewModel.swift; sourceTree = "<group>"; };
		8AC5213B28A68C7B00A62B33 /* Typealias.swift */ = {isa = PBXFileReference; lastKnownFileType = sourcecode.swift; path = Typealias.swift; sourceTree = "<group>"; };
		8AC5213D28A68D1100A62B33 /* AlbumViewModelProtocol.swift */ = {isa = PBXFileReference; lastKnownFileType = sourcecode.swift; path = AlbumViewModelProtocol.swift; sourceTree = "<group>"; };
		8AC5213F28A68D8400A62B33 /* AlbumCellViewModelProtocol.swift */ = {isa = PBXFileReference; lastKnownFileType = sourcecode.swift; path = AlbumCellViewModelProtocol.swift; sourceTree = "<group>"; };
		8AC5214128A68D9C00A62B33 /* AlbumCellViewModel.swift */ = {isa = PBXFileReference; lastKnownFileType = sourcecode.swift; path = AlbumCellViewModel.swift; sourceTree = "<group>"; };
		8AC5214328A693F800A62B33 /* ImageLoader.swift */ = {isa = PBXFileReference; lastKnownFileType = sourcecode.swift; path = ImageLoader.swift; sourceTree = "<group>"; };
		8AC5214728A69A5C00A62B33 /* AlbumDetailsViewModel.swift */ = {isa = PBXFileReference; lastKnownFileType = sourcecode.swift; path = AlbumDetailsViewModel.swift; sourceTree = "<group>"; };
		8AC5214928A69A8500A62B33 /* AlbumDetailsViewModelProtocol.swift */ = {isa = PBXFileReference; lastKnownFileType = sourcecode.swift; path = AlbumDetailsViewModelProtocol.swift; sourceTree = "<group>"; };
		8AC5214B28A6A35200A62B33 /* CustomProgressIndicator.swift */ = {isa = PBXFileReference; lastKnownFileType = sourcecode.swift; path = CustomProgressIndicator.swift; sourceTree = "<group>"; };
/* End PBXFileReference section */

/* Begin PBXFrameworksBuildPhase section */
		8AC5210528A6319E00A62B33 /* Frameworks */ = {
			isa = PBXFrameworksBuildPhase;
			buildActionMask = 2147483647;
			files = (
			);
			runOnlyForDeploymentPostprocessing = 0;
		};
/* End PBXFrameworksBuildPhase section */

/* Begin PBXGroup section */
		8AC520FF28A6319E00A62B33 = {
			isa = PBXGroup;
			children = (
				8AC5210A28A6319E00A62B33 /* ExamApp */,
				8AC5210928A6319E00A62B33 /* Products */,
			);
			sourceTree = "<group>";
		};
		8AC5210928A6319E00A62B33 /* Products */ = {
			isa = PBXGroup;
			children = (
				8AC5210828A6319E00A62B33 /* ExamApp.app */,
			);
			name = Products;
			sourceTree = "<group>";
		};
		8AC5210A28A6319E00A62B33 /* ExamApp */ = {
			isa = PBXGroup;
			children = (
				8AC5211928A631A600A62B33 /* Info.plist */,
				8AC5213A28A68C6900A62B33 /* Utils */,
				8AC5212628A633DA00A62B33 /* Resources */,
				8AC5212528A633B500A62B33 /* App */,
				8AC5213228A63CE200A62B33 /* Services */,
				8AC5212028A631D300A62B33 /* Model */,
				8AC5211F28A631C900A62B33 /* Views */,
				8AC5212128A631DC00A62B33 /* ViewModel */,
			);
			path = ExamApp;
			sourceTree = "<group>";
		};
		8AC5211F28A631C900A62B33 /* Views */ = {
			isa = PBXGroup;
			children = (
				8AC5214D28A6A4B400A62B33 /* LaunchScreen */,
				8AC5212228A6326700A62B33 /* Scenes */,
			);
			path = Views;
			sourceTree = "<group>";
		};
		8AC5212028A631D300A62B33 /* Model */ = {
			isa = PBXGroup;
			children = (
				8AC5213028A63C5C00A62B33 /* Album.swift */,
			);
			path = Model;
			sourceTree = "<group>";
		};
		8AC5212128A631DC00A62B33 /* ViewModel */ = {
			isa = PBXGroup;
			children = (
				8AC5213628A64A2D00A62B33 /* AlbumViewModel.swift */,
				8AC5213D28A68D1100A62B33 /* AlbumViewModelProtocol.swift */,
			);
			path = ViewModel;
			sourceTree = "<group>";
		};
		8AC5212228A6326700A62B33 /* Scenes */ = {
			isa = PBXGroup;
			children = (
				8AC5212328A6326F00A62B33 /* Main */,
				8AC5212428A6327500A62B33 /* Details */,
			);
			path = Scenes;
			sourceTree = "<group>";
		};
		8AC5212328A6326F00A62B33 /* Main */ = {
			isa = PBXGroup;
			children = (
				8AC5210F28A6319E00A62B33 /* AlbumController.swift */,
				8AC5211128A6319E00A62B33 /* Album.storyboard */,
				8AC5212728A6349300A62B33 /* Cells */,
			);
			path = Main;
			sourceTree = "<group>";
		};
		8AC5212428A6327500A62B33 /* Details */ = {
			isa = PBXGroup;
			children = (
				8AC5212C28A6364D00A62B33 /* AlbumDetailsController.swift */,
				8AC5212E28A6393900A62B33 /* AlbumDetails.storyboard */,
				8AC5214628A69A3B00A62B33 /* ViewModel */,
			);
			path = Details;
			sourceTree = "<group>";
		};
		8AC5212528A633B500A62B33 /* App */ = {
			isa = PBXGroup;
			children = (
				8AC5210B28A6319E00A62B33 /* AppDelegate.swift */,
				8AC5210D28A6319E00A62B33 /* SceneDelegate.swift */,
			);
			path = App;
			sourceTree = "<group>";
		};
		8AC5212628A633DA00A62B33 /* Resources */ = {
			isa = PBXGroup;
			children = (
				8AC5211428A631A600A62B33 /* Assets.xcassets */,
			);
			path = Resources;
			sourceTree = "<group>";
		};
		8AC5212728A6349300A62B33 /* Cells */ = {
			isa = PBXGroup;
			children = (
				8AC5212928A634DD00A62B33 /* AlbumCell.xib */,
				8AC5212828A634DD00A62B33 /* AlbumCell.swift */,
				8AC5214528A69A2A00A62B33 /* ViewModel */,
			);
			path = Cells;
			sourceTree = "<group>";
		};
		8AC5213228A63CE200A62B33 /* Services */ = {
			isa = PBXGroup;
			children = (
				8AC5213328A63D0100A62B33 /* AlbumService.swift */,
			);
			path = Services;
			sourceTree = "<group>";
		};
		8AC5213A28A68C6900A62B33 /* Utils */ = {
			isa = PBXGroup;
			children = (
				8AC5213B28A68C7B00A62B33 /* Typealias.swift */,
				8AC5214328A693F800A62B33 /* ImageLoader.swift */,
				8AC5214B28A6A35200A62B33 /* CustomProgressIndicator.swift */,
			);
			path = Utils;
			sourceTree = "<group>";
		};
		8AC5214528A69A2A00A62B33 /* ViewModel */ = {
			isa = PBXGroup;
			children = (
				8AC5213F28A68D8400A62B33 /* AlbumCellViewModelProtocol.swift */,
				8AC5214128A68D9C00A62B33 /* AlbumCellViewModel.swift */,
			);
			path = ViewModel;
			sourceTree = "<group>";
		};
		8AC5214628A69A3B00A62B33 /* ViewModel */ = {
			isa = PBXGroup;
			children = (
				8AC5214728A69A5C00A62B33 /* AlbumDetailsViewModel.swift */,
				8AC5214928A69A8500A62B33 /* AlbumDetailsViewModelProtocol.swift */,
			);
			path = ViewModel;
			sourceTree = "<group>";
		};
		8AC5214D28A6A4B400A62B33 /* LaunchScreen */ = {
			isa = PBXGroup;
			children = (
				8AC5211628A631A600A62B33 /* LaunchScreen.storyboard */,
			);
			path = LaunchScreen;
			sourceTree = "<group>";
		};
/* End PBXGroup section */

/* Begin PBXNativeTarget section */
		8AC5210728A6319E00A62B33 /* ExamApp */ = {
			isa = PBXNativeTarget;
			buildConfigurationList = 8AC5211C28A631A600A62B33 /* Build configuration list for PBXNativeTarget "ExamApp" */;
			buildPhases = (
				8AC5210428A6319E00A62B33 /* Sources */,
				8AC5210528A6319E00A62B33 /* Frameworks */,
				8AC5210628A6319E00A62B33 /* Resources */,
			);
			buildRules = (
			);
			dependencies = (
			);
			name = ExamApp;
			productName = ExamApp;
			productReference = 8AC5210828A6319E00A62B33 /* ExamApp.app */;
			productType = "com.apple.product-type.application";
		};
/* End PBXNativeTarget section */

/* Begin PBXProject section */
		8AC5210028A6319E00A62B33 /* Project object */ = {
			isa = PBXProject;
			attributes = {
				BuildIndependentTargetsInParallel = 1;
				LastSwiftUpdateCheck = 1340;
				LastUpgradeCheck = 1340;
				TargetAttributes = {
					8AC5210728A6319E00A62B33 = {
						CreatedOnToolsVersion = 13.4.1;
					};
				};
			};
			buildConfigurationList = 8AC5210328A6319E00A62B33 /* Build configuration list for PBXProject "ExamApp" */;
			compatibilityVersion = "Xcode 13.0";
			developmentRegion = en;
			hasScannedForEncodings = 0;
			knownRegions = (
				en,
				Base,
			);
			mainGroup = 8AC520FF28A6319E00A62B33;
			productRefGroup = 8AC5210928A6319E00A62B33 /* Products */;
			projectDirPath = "";
			projectRoot = "";
			targets = (
				8AC5210728A6319E00A62B33 /* ExamApp */,
			);
		};
/* End PBXProject section */

/* Begin PBXResourcesBuildPhase section */
		8AC5210628A6319E00A62B33 /* Resources */ = {
			isa = PBXResourcesBuildPhase;
			buildActionMask = 2147483647;
			files = (
				8AC5212F28A6393900A62B33 /* AlbumDetails.storyboard in Resources */,
				8AC5212B28A634DD00A62B33 /* AlbumCell.xib in Resources */,
				8AC5211828A631A600A62B33 /* LaunchScreen.storyboard in Resources */,
				8AC5211528A631A600A62B33 /* Assets.xcassets in Resources */,
				8AC5211328A6319E00A62B33 /* Album.storyboard in Resources */,
			);
			runOnlyForDeploymentPostprocessing = 0;
		};
/* End PBXResourcesBuildPhase section */

/* Begin PBXSourcesBuildPhase section */
		8AC5210428A6319E00A62B33 /* Sources */ = {
			isa = PBXSourcesBuildPhase;
			buildActionMask = 2147483647;
			files = (
				8AC5214428A693F800A62B33 /* ImageLoader.swift in Sources */,
				8AC5212A28A634DD00A62B33 /* AlbumCell.swift in Sources */,
				8AC5213128A63C5C00A62B33 /* Album.swift in Sources */,
				8AC5211028A6319E00A62B33 /* AlbumController.swift in Sources */,
				8AC5213C28A68C7B00A62B33 /* Typealias.swift in Sources */,
				8AC5213E28A68D1100A62B33 /* AlbumViewModelProtocol.swift in Sources */,
				8AC5214828A69A5C00A62B33 /* AlbumDetailsViewModel.swift in Sources */,
				8AC5213428A63D0100A62B33 /* AlbumService.swift in Sources */,
				8AC5214C28A6A35200A62B33 /* CustomProgressIndicator.swift in Sources */,
				8AC5213728A64A2D00A62B33 /* AlbumViewModel.swift in Sources */,
				8AC5212D28A6364D00A62B33 /* AlbumDetailsController.swift in Sources */,
				8AC5214A28A69A8500A62B33 /* AlbumDetailsViewModelProtocol.swift in Sources */,
				8AC5214028A68D8400A62B33 /* AlbumCellViewModelProtocol.swift in Sources */,
				8AC5210C28A6319E00A62B33 /* AppDelegate.swift in Sources */,
				8AC5214228A68D9C00A62B33 /* AlbumCellViewModel.swift in Sources */,
				8AC5210E28A6319E00A62B33 /* SceneDelegate.swift in Sources */,
			);
			runOnlyForDeploymentPostprocessing = 0;
		};
/* End PBXSourcesBuildPhase section */

/* Begin PBXVariantGroup section */
		8AC5211128A6319E00A62B33 /* Album.storyboard */ = {
			isa = PBXVariantGroup;
			children = (
				8AC5211228A6319E00A62B33 /* Base */,
			);
			name = Album.storyboard;
			sourceTree = "<group>";
		};
		8AC5211628A631A600A62B33 /* LaunchScreen.storyboard */ = {
			isa = PBXVariantGroup;
			children = (
				8AC5211728A631A600A62B33 /* Base */,
			);
			name = LaunchScreen.storyboard;
			sourceTree = "<group>";
		};
/* End PBXVariantGroup section */

/* Begin XCBuildConfiguration section */
		8AC5211A28A631A600A62B33 /* Debug */ = {
			isa = XCBuildConfiguration;
			buildSettings = {
				ALWAYS_SEARCH_USER_PATHS = NO;
				CLANG_ANALYZER_NONNULL = YES;
				CLANG_ANALYZER_NUMBER_OBJECT_CONVERSION = YES_AGGRESSIVE;
				CLANG_CXX_LANGUAGE_STANDARD = "gnu++17";
				CLANG_ENABLE_MODULES = YES;
				CLANG_ENABLE_OBJC_ARC = YES;
				CLANG_ENABLE_OBJC_WEAK = YES;
				CLANG_WARN_BLOCK_CAPTURE_AUTORELEASING = YES;
				CLANG_WARN_BOOL_CONVERSION = YES;
				CLANG_WARN_COMMA = YES;
				CLANG_WARN_CONSTANT_CONVERSION = YES;
				CLANG_WARN_DEPRECATED_OBJC_IMPLEMENTATIONS = YES;
				CLANG_WARN_DIRECT_OBJC_ISA_USAGE = YES_ERROR;
				CLANG_WARN_DOCUMENTATION_COMMENTS = YES;
				CLANG_WARN_EMPTY_BODY = YES;
				CLANG_WARN_ENUM_CONVERSION = YES;
				CLANG_WARN_INFINITE_RECURSION = YES;
				CLANG_WARN_INT_CONVERSION = YES;
				CLANG_WARN_NON_LITERAL_NULL_CONVERSION = YES;
				CLANG_WARN_OBJC_IMPLICIT_RETAIN_SELF = YES;
				CLANG_WARN_OBJC_LITERAL_CONVERSION = YES;
				CLANG_WARN_OBJC_ROOT_CLASS = YES_ERROR;
				CLANG_WARN_QUOTED_INCLUDE_IN_FRAMEWORK_HEADER = YES;
				CLANG_WARN_RANGE_LOOP_ANALYSIS = YES;
				CLANG_WARN_STRICT_PROTOTYPES = YES;
				CLANG_WARN_SUSPICIOUS_MOVE = YES;
				CLANG_WARN_UNGUARDED_AVAILABILITY = YES_AGGRESSIVE;
				CLANG_WARN_UNREACHABLE_CODE = YES;
				CLANG_WARN__DUPLICATE_METHOD_MATCH = YES;
				COPY_PHASE_STRIP = NO;
				DEBUG_INFORMATION_FORMAT = dwarf;
				ENABLE_STRICT_OBJC_MSGSEND = YES;
				ENABLE_TESTABILITY = YES;
				GCC_C_LANGUAGE_STANDARD = gnu11;
				GCC_DYNAMIC_NO_PIC = NO;
				GCC_NO_COMMON_BLOCKS = YES;
				GCC_OPTIMIZATION_LEVEL = 0;
				GCC_PREPROCESSOR_DEFINITIONS = (
					"DEBUG=1",
					"$(inherited)",
				);
				GCC_WARN_64_TO_32_BIT_CONVERSION = YES;
				GCC_WARN_ABOUT_RETURN_TYPE = YES_ERROR;
				GCC_WARN_UNDECLARED_SELECTOR = YES;
				GCC_WARN_UNINITIALIZED_AUTOS = YES_AGGRESSIVE;
				GCC_WARN_UNUSED_FUNCTION = YES;
				GCC_WARN_UNUSED_VARIABLE = YES;
				IPHONEOS_DEPLOYMENT_TARGET = 15.5;
				MTL_ENABLE_DEBUG_INFO = INCLUDE_SOURCE;
				MTL_FAST_MATH = YES;
				ONLY_ACTIVE_ARCH = YES;
				SDKROOT = iphoneos;
				SWIFT_ACTIVE_COMPILATION_CONDITIONS = DEBUG;
				SWIFT_OPTIMIZATION_LEVEL = "-Onone";
			};
			name = Debug;
		};
		8AC5211B28A631A600A62B33 /* Release */ = {
			isa = XCBuildConfiguration;
			buildSettings = {
				ALWAYS_SEARCH_USER_PATHS = NO;
				CLANG_ANALYZER_NONNULL = YES;
				CLANG_ANALYZER_NUMBER_OBJECT_CONVERSION = YES_AGGRESSIVE;
				CLANG_CXX_LANGUAGE_STANDARD = "gnu++17";
				CLANG_ENABLE_MODULES = YES;
				CLANG_ENABLE_OBJC_ARC = YES;
				CLANG_ENABLE_OBJC_WEAK = YES;
				CLANG_WARN_BLOCK_CAPTURE_AUTORELEASING = YES;
				CLANG_WARN_BOOL_CONVERSION = YES;
				CLANG_WARN_COMMA = YES;
				CLANG_WARN_CONSTANT_CONVERSION = YES;
				CLANG_WARN_DEPRECATED_OBJC_IMPLEMENTATIONS = YES;
				CLANG_WARN_DIRECT_OBJC_ISA_USAGE = YES_ERROR;
				CLANG_WARN_DOCUMENTATION_COMMENTS = YES;
				CLANG_WARN_EMPTY_BODY = YES;
				CLANG_WARN_ENUM_CONVERSION = YES;
				CLANG_WARN_INFINITE_RECURSION = YES;
				CLANG_WARN_INT_CONVERSION = YES;
				CLANG_WARN_NON_LITERAL_NULL_CONVERSION = YES;
				CLANG_WARN_OBJC_IMPLICIT_RETAIN_SELF = YES;
				CLANG_WARN_OBJC_LITERAL_CONVERSION = YES;
				CLANG_WARN_OBJC_ROOT_CLASS = YES_ERROR;
				CLANG_WARN_QUOTED_INCLUDE_IN_FRAMEWORK_HEADER = YES;
				CLANG_WARN_RANGE_LOOP_ANALYSIS = YES;
				CLANG_WARN_STRICT_PROTOTYPES = YES;
				CLANG_WARN_SUSPICIOUS_MOVE = YES;
				CLANG_WARN_UNGUARDED_AVAILABILITY = YES_AGGRESSIVE;
				CLANG_WARN_UNREACHABLE_CODE = YES;
				CLANG_WARN__DUPLICATE_METHOD_MATCH = YES;
				COPY_PHASE_STRIP = NO;
				DEBUG_INFORMATION_FORMAT = "dwarf-with-dsym";
				ENABLE_NS_ASSERTIONS = NO;
				ENABLE_STRICT_OBJC_MSGSEND = YES;
				GCC_C_LANGUAGE_STANDARD = gnu11;
				GCC_NO_COMMON_BLOCKS = YES;
				GCC_WARN_64_TO_32_BIT_CONVERSION = YES;
				GCC_WARN_ABOUT_RETURN_TYPE = YES_ERROR;
				GCC_WARN_UNDECLARED_SELECTOR = YES;
				GCC_WARN_UNINITIALIZED_AUTOS = YES_AGGRESSIVE;
				GCC_WARN_UNUSED_FUNCTION = YES;
				GCC_WARN_UNUSED_VARIABLE = YES;
				IPHONEOS_DEPLOYMENT_TARGET = 15.5;
				MTL_ENABLE_DEBUG_INFO = NO;
				MTL_FAST_MATH = YES;
				SDKROOT = iphoneos;
				SWIFT_COMPILATION_MODE = wholemodule;
				SWIFT_OPTIMIZATION_LEVEL = "-O";
				VALIDATE_PRODUCT = YES;
			};
			name = Release;
		};
		8AC5211D28A631A600A62B33 /* Debug */ = {
			isa = XCBuildConfiguration;
			buildSettings = {
				ASSETCATALOG_COMPILER_APPICON_NAME = AppIcon;
				ASSETCATALOG_COMPILER_GLOBAL_ACCENT_COLOR_NAME = AccentColor;
				CODE_SIGN_STYLE = Automatic;
				CURRENT_PROJECT_VERSION = 1;
				DEVELOPMENT_TEAM = P2QGR75A2K;
				GENERATE_INFOPLIST_FILE = YES;
				INFOPLIST_FILE = ExamApp/Info.plist;
				INFOPLIST_KEY_UIApplicationSupportsIndirectInputEvents = YES;
				INFOPLIST_KEY_UILaunchStoryboardName = LaunchScreen;
				INFOPLIST_KEY_UIMainStoryboardFile = Album;
				INFOPLIST_KEY_UISupportedInterfaceOrientations_iPad = "UIInterfaceOrientationPortrait UIInterfaceOrientationPortraitUpsideDown UIInterfaceOrientationLandscapeLeft UIInterfaceOrientationLandscapeRight";
				INFOPLIST_KEY_UISupportedInterfaceOrientations_iPhone = "UIInterfaceOrientationPortrait UIInterfaceOrientationLandscapeLeft UIInterfaceOrientationLandscapeRight";
				IPHONEOS_DEPLOYMENT_TARGET = 12.0;
				LD_RUNPATH_SEARCH_PATHS = (
					"$(inherited)",
					"@executable_path/Frameworks",
				);
				MARKETING_VERSION = 1.0;
				PRODUCT_BUNDLE_IDENTIFIER = com.valtermachado.ExamApp;
				PRODUCT_NAME = "$(TARGET_NAME)";
				SWIFT_EMIT_LOC_STRINGS = YES;
				SWIFT_VERSION = 5.0;
				TARGETED_DEVICE_FAMILY = "1,2";
			};
			name = Debug;
		};
		8AC5211E28A631A600A62B33 /* Release */ = {
			isa = XCBuildConfiguration;
			buildSettings = {
				ASSETCATALOG_COMPILER_APPICON_NAME = AppIcon;
				ASSETCATALOG_COMPILER_GLOBAL_ACCENT_COLOR_NAME = AccentColor;
				CODE_SIGN_STYLE = Automatic;
				CURRENT_PROJECT_VERSION = 1;
				DEVELOPMENT_TEAM = P2QGR75A2K;
				GENERATE_INFOPLIST_FILE = YES;
				INFOPLIST_FILE = ExamApp/Info.plist;
				INFOPLIST_KEY_UIApplicationSupportsIndirectInputEvents = YES;
				INFOPLIST_KEY_UILaunchStoryboardName = LaunchScreen;
				INFOPLIST_KEY_UIMainStoryboardFile = Album;
				INFOPLIST_KEY_UISupportedInterfaceOrientations_iPad = "UIInterfaceOrientationPortrait UIInterfaceOrientationPortraitUpsideDown UIInterfaceOrientationLandscapeLeft UIInterfaceOrientationLandscapeRight";
				INFOPLIST_KEY_UISupportedInterfaceOrientations_iPhone = "UIInterfaceOrientationPortrait UIInterfaceOrientationLandscapeLeft UIInterfaceOrientationLandscapeRight";
				IPHONEOS_DEPLOYMENT_TARGET = 12.0;
				LD_RUNPATH_SEARCH_PATHS = (
					"$(inherited)",
					"@executable_path/Frameworks",
				);
				MARKETING_VERSION = 1.0;
				PRODUCT_BUNDLE_IDENTIFIER = com.valtermachado.ExamApp;
				PRODUCT_NAME = "$(TARGET_NAME)";
				SWIFT_EMIT_LOC_STRINGS = YES;
				SWIFT_VERSION = 5.0;
				TARGETED_DEVICE_FAMILY = "1,2";
			};
			name = Release;
		};
/* End XCBuildConfiguration section */

/* Begin XCConfigurationList section */
		8AC5210328A6319E00A62B33 /* Build configuration list for PBXProject "ExamApp" */ = {
			isa = XCConfigurationList;
			buildConfigurations = (
				8AC5211A28A631A600A62B33 /* Debug */,
				8AC5211B28A631A600A62B33 /* Release */,
			);
			defaultConfigurationIsVisible = 0;
			defaultConfigurationName = Release;
		};
		8AC5211C28A631A600A62B33 /* Build configuration list for PBXNativeTarget "ExamApp" */ = {
			isa = XCConfigurationList;
			buildConfigurations = (
				8AC5211D28A631A600A62B33 /* Debug */,
				8AC5211E28A631A600A62B33 /* Release */,
			);
			defaultConfigurationIsVisible = 0;
			defaultConfigurationName = Release;
		};
/* End XCConfigurationList section */
	};
	rootObject = 8AC5210028A6319E00A62B33 /* Project object */;
}
